{
  "name": "VSCode_T",
  "lockfileVersion": 3,
  "requires": true,
  "packages": {
    "": {
      "dependencies": {
        "@azure/mcp-win32-x64": "^3.0.0-beta.21"
      }
    },
    "node_modules/@azure/mcp-win32-x64": {
      "version": "3.0.0-beta.21",
      "resolved": "https://registry.npmjs.org/@azure/mcp-win32-x64/-/mcp-win32-x64-3.0.0-beta.21.tgz",
      "integrity": "sha512-18u1C9rJPhgQFpRt/urHmFHlE/+PchqbrYjxptA/l7vxr57FALQKOsomqz5MYciQxO7X+yhPa8Ia1mftqVYXVQ==",
      "cpu": [
        "x64"
      ],
      "license": "MIT",
      "os": [
        "win32"
      ],
      "bin": {
        "azmcp-win32-x64": "dist/azmcp.exe"
      },
      "engines": {
        "node": ">=20.0.0"
      }
    }
  }
}
