
Microsoft Visual Studio Solution File, Format Version 12.00
# Visual Studio Version 17
VisualStudioVersion = 17.8.0.0
MinimumVisualStudioVersion = 17.8.0.0
Project("{9A19103F-16F7-4668-BE54-9A1E7A4F7556}") = "AspireApp.AppHost", "AspireApp.AppHost\AspireApp.AppHost.csproj", "{93727270-54DB-4979-862F-15DBEA5638B9}"
EndProject
Project("{9A19103F-16F7-4668-BE54-9A1E7A4F7556}") = "AspireApp.ServiceDefaults", "AspireApp.ServiceDefaults\AspireApp.ServiceDefaults.csproj", "{43E11B2D-D6DF-4AEA-B25A-72B4C7AAB7DF}"
EndProject
Project("{9A19103F-16F7-4668-BE54-9A1E7A4F7556}") = "AspireApp.ApiService", "AspireApp.ApiService\AspireApp.ApiService.csproj", "{8B59447A-CB59-43A4-96D6-DBC4EBBD309E}"
EndProject
Project("{9A19103F-16F7-4668-BE54-9A1E7A4F7556}") = "AspireApp.Web", "AspireApp.Web\AspireApp.Web.csproj", "{8510F7E6-1D94-4067-AC81-0EF46C367B48}"
EndProject
Project("{FAE04EC0-301F-11D3-BF4B-00C04F79EFBC}") = "AspireApp.PuiProxy", "AspireApp.PuiProxy\AspireApp.PuiProxy.csproj", "{E54AB0DD-8D03-45D1-8F75-E3F3841B30A0}"
EndProject
Global
	GlobalSection(SolutionConfigurationPlatforms) = preSolution
		Debug|Any CPU = Debug|Any CPU
		Debug|x64 = Debug|x64
		Debug|x86 = Debug|x86
		Release|Any CPU = Release|Any CPU
		Release|x64 = Release|x64
		Release|x86 = Release|x86
	EndGlobalSection
	GlobalSection(ProjectConfigurationPlatforms) = postSolution
		{93727270-54DB-4979-862F-15DBEA5638B9}.Debug|Any CPU.ActiveCfg = Debug|Any CPU
		{93727270-54DB-4979-862F-15DBEA5638B9}.Debug|Any CPU.Build.0 = Debug|Any CPU
		{93727270-54DB-4979-862F-15DBEA5638B9}.Debug|x64.ActiveCfg = Debug|Any CPU
		{93727270-54DB-4979-862F-15DBEA5638B9}.Debug|x64.Build.0 = Debug|Any CPU
		{93727270-54DB-4979-862F-15DBEA5638B9}.Debug|x86.ActiveCfg = Debug|Any CPU
		{93727270-54DB-4979-862F-15DBEA5638B9}.Debug|x86.Build.0 = Debug|Any CPU
		{93727270-54DB-4979-862F-15DBEA5638B9}.Release|Any CPU.ActiveCfg = Release|Any CPU
		{93727270-54DB-4979-862F-15DBEA5638B9}.Release|Any CPU.Build.0 = Release|Any CPU
		{93727270-54DB-4979-862F-15DBEA5638B9}.Release|x64.ActiveCfg = Release|Any CPU
		{93727270-54DB-4979-862F-15DBEA5638B9}.Release|x64.Build.0 = Release|Any CPU
		{93727270-54DB-4979-862F-15DBEA5638B9}.Release|x86.ActiveCfg = Release|Any CPU
		{93727270-54DB-4979-862F-15DBEA5638B9}.Release|x86.Build.0 = Release|Any CPU
		{43E11B2D-D6DF-4AEA-B25A-72B4C7AAB7DF}.Debug|Any CPU.ActiveCfg = Debug|Any CPU
		{43E11B2D-D6DF-4AEA-B25A-72B4C7AAB7DF}.Debug|Any CPU.Build.0 = Debug|Any CPU
		{43E11B2D-D6DF-4AEA-B25A-72B4C7AAB7DF}.Debug|x64.ActiveCfg = Debug|Any CPU
		{43E11B2D-D6DF-4AEA-B25A-72B4C7AAB7DF}.Debug|x64.Build.0 = Debug|Any CPU
		{43E11B2D-D6DF-4AEA-B25A-72B4C7AAB7DF}.Debug|x86.ActiveCfg = Debug|Any CPU
		{43E11B2D-D6DF-4AEA-B25A-72B4C7AAB7DF}.Debug|x86.Build.0 = Debug|Any CPU
		{43E11B2D-D6DF-4AEA-B25A-72B4C7AAB7DF}.Release|Any CPU.ActiveCfg = Release|Any CPU
		{43E11B2D-D6DF-4AEA-B25A-72B4C7AAB7DF}.Release|Any CPU.Build.0 = Release|Any CPU
		{43E11B2D-D6DF-4AEA-B25A-72B4C7AAB7DF}.Release|x64.ActiveCfg = Release|Any CPU
		{43E11B2D-D6DF-4AEA-B25A-72B4C7AAB7DF}.Release|x64.Build.0 = Release|Any CPU
		{43E11B2D-D6DF-4AEA-B25A-72B4C7AAB7DF}.Release|x86.ActiveCfg = Release|Any CPU
		{43E11B2D-D6DF-4AEA-B25A-72B4C7AAB7DF}.Release|x86.Build.0 = Release|Any CPU
		{8B59447A-CB59-43A4-96D6-DBC4EBBD309E}.Debug|Any CPU.ActiveCfg = Debug|Any CPU
		{8B59447A-CB59-43A4-96D6-DBC4EBBD309E}.Debug|Any CPU.Build.0 = Debug|Any CPU
		{8B59447A-CB59-43A4-96D6-DBC4EBBD309E}.Debug|x64.ActiveCfg = Debug|Any CPU
		{8B59447A-CB59-43A4-96D6-DBC4EBBD309E}.Debug|x64.Build.0 = Debug|Any CPU
		{8B59447A-CB59-43A4-96D6-DBC4EBBD309E}.Debug|x86.ActiveCfg = Debug|Any CPU
		{8B59447A-CB59-43A4-96D6-DBC4EBBD309E}.Debug|x86.Build.0 = Debug|Any CPU
		{8B59447A-CB59-43A4-96D6-DBC4EBBD309E}.Release|Any CPU.ActiveCfg = Release|Any CPU
		{8B59447A-CB59-43A4-96D6-DBC4EBBD309E}.Release|Any CPU.Build.0 = Release|Any CPU
		{8B59447A-CB59-43A4-96D6-DBC4EBBD309E}.Release|x64.ActiveCfg = Release|Any CPU
		{8B59447A-CB59-43A4-96D6-DBC4EBBD309E}.Release|x64.Build.0 = Release|Any CPU
		{8B59447A-CB59-43A4-96D6-DBC4EBBD309E}.Release|x86.ActiveCfg = Release|Any CPU
		{8B59447A-CB59-43A4-96D6-DBC4EBBD309E}.Release|x86.Build.0 = Release|Any CPU
		{8510F7E6-1D94-4067-AC81-0EF46C367B48}.Debug|Any CPU.ActiveCfg = Debug|Any CPU
		{8510F7E6-1D94-4067-AC81-0EF46C367B48}.Debug|Any CPU.Build.0 = Debug|Any CPU
		{8510F7E6-1D94-4067-AC81-0EF46C367B48}.Debug|x64.ActiveCfg = Debug|Any CPU
		{8510F7E6-1D94-4067-AC81-0EF46C367B48}.Debug|x64.Build.0 = Debug|Any CPU
		{8510F7E6-1D94-4067-AC81-0EF46C367B48}.Debug|x86.ActiveCfg = Debug|Any CPU
		{8510F7E6-1D94-4067-AC81-0EF46C367B48}.Debug|x86.Build.0 = Debug|Any CPU
		{8510F7E6-1D94-4067-AC81-0EF46C367B48}.Release|Any CPU.ActiveCfg = Release|Any CPU
		{8510F7E6-1D94-4067-AC81-0EF46C367B48}.Release|Any CPU.Build.0 = Release|Any CPU
		{8510F7E6-1D94-4067-AC81-0EF46C367B48}.Release|x64.ActiveCfg = Release|Any CPU
		{8510F7E6-1D94-4067-AC81-0EF46C367B48}.Release|x64.Build.0 = Release|Any CPU
		{8510F7E6-1D94-4067-AC81-0EF46C367B48}.Release|x86.ActiveCfg = Release|Any CPU
		{8510F7E6-1D94-4067-AC81-0EF46C367B48}.Release|x86.Build.0 = Release|Any CPU
		{E54AB0DD-8D03-45D1-8F75-E3F3841B30A0}.Debug|Any CPU.ActiveCfg = Debug|Any CPU
		{E54AB0DD-8D03-45D1-8F75-E3F3841B30A0}.Debug|Any CPU.Build.0 = Debug|Any CPU
		{E54AB0DD-8D03-45D1-8F75-E3F3841B30A0}.Debug|x64.ActiveCfg = Debug|Any CPU
		{E54AB0DD-8D03-45D1-8F75-E3F3841B30A0}.Debug|x64.Build.0 = Debug|Any CPU
		{E54AB0DD-8D03-45D1-8F75-E3F3841B30A0}.Debug|x86.ActiveCfg = Debug|Any CPU
		{E54AB0DD-8D03-45D1-8F75-E3F3841B30A0}.Debug|x86.Build.0 = Debug|Any CPU
		{E54AB0DD-8D03-45D1-8F75-E3F3841B30A0}.Release|Any CPU.ActiveCfg = Release|Any CPU
		{E54AB0DD-8D03-45D1-8F75-E3F3841B30A0}.Release|Any CPU.Build.0 = Release|Any CPU
		{E54AB0DD-8D03-45D1-8F75-E3F3841B30A0}.Release|x64.ActiveCfg = Release|Any CPU
		{E54AB0DD-8D03-45D1-8F75-E3F3841B30A0}.Release|x64.Build.0 = Release|Any CPU
		{E54AB0DD-8D03-45D1-8F75-E3F3841B30A0}.Release|x86.ActiveCfg = Release|Any CPU
		{E54AB0DD-8D03-45D1-8F75-E3F3841B30A0}.Release|x86.Build.0 = Release|Any CPU
	EndGlobalSection
	GlobalSection(SolutionProperties) = preSolution
		HideSolutionNode = FALSE
	EndGlobalSection
	GlobalSection(ExtensibilityGlobals) = postSolution
		SolutionGuid = {77EFEB06-36E1-4242-B6AF-552300A7DB19}
	EndGlobalSection
EndGlobal
